golang.org/x/exp v0.0.0-20221011184403-17211926a99e h1:iNN2j45/SlljvEHC/iL9vmadnQA6d1/6bXaZw6Quv20=
golang.org/x/exp v0.0.0-20221011184403-17211926a99e/go.mod h1:cyybsKvd6eL0RnXn6p/Grxp8F5bW7iYuBgsNCOHpMYE=
golang.org/x/sync v0.0.0-20220929204114-8fcdb60fdcc0 h1:cu5kTvlzcw1Q5S9f5ip1/cpiB4nXvw1XYzFPGgzLUOY=
golang.org/x/sync v0.0.0-20220929204114-8fcdb60fdcc0/go.mod h1:RxMgew5VJxzue5/jJTE5uejpjVlOe/izrB70Jof72aM=
